
Microsoft Visual Studio Solution File, Format Version 12.00
# Visual Studio Version 17
VisualStudioVersion = 17.5.33502.453
MinimumVisualStudioVersion = 10.0.40219.1
Project("{FAE04EC0-301F-11D3-BF4B-00C04F79EFBC}") = "cwiczenie_1", "cwiczenie_1\cwiczenie_1.csproj", "{55973EDE-2B1C-4257-A091-A50CB2C94BDC}"
EndProject
Project("{FAE04EC0-301F-11D3-BF4B-00C04F79EFBC}") = "cwiczenie_2", "..\cwiczenie_2\cwiczenie_2.csproj", "{3EA49D1E-48A8-441B-BA08-B3AE19085BB6}"
EndProject
Project("{FAE04EC0-301F-11D3-BF4B-00C04F79EFBC}") = "cwiczenie_3", "..\cwiczenie_3\cwiczenie_3.csproj", "{B51E9411-5B81-46CC-9762-2A6D294BBD0F}"
EndProject
Project("{FAE04EC0-301F-11D3-BF4B-00C04F79EFBC}") = "cwiczenie_4", "..\cwiczenie_4\cwiczenie_4.csproj", "{83A5176B-8843-4DF3-93CD-4DB23060D7F9}"
EndProject
Project("{FAE04EC0-301F-11D3-BF4B-00C04F79EFBC}") = "cwiczenie_5", "..\cwiczenie_5\cwiczenie_5.csproj", "{C930B397-717E-45FC-BC8A-2ACD5A1829AF}"
EndProject
Project("{FAE04EC0-301F-11D3-BF4B-00C04F79EFBC}") = "cwiczenie_6", "..\cwiczenie_6\cwiczenie_6.csproj", "{0450CCD5-7189-49D9-941B-10429204BE71}"
EndProject
Project("{FAE04EC0-301F-11D3-BF4B-00C04F79EFBC}") = "cwiczenie_7", "..\cwiczenie_7\cwiczenie_7.csproj", "{0AF750D1-44A9-4E8C-AB27-7B586C8FDFB8}"
EndProject
Project("{FAE04EC0-301F-11D3-BF4B-00C04F79EFBC}") = "cwiczenie_8", "..\cwiczenie_8\cwiczenie_8.csproj", "{35FCCB51-7CC4-4BCA-B460-B424ED15C4AA}"
EndProject
Project("{FAE04EC0-301F-11D3-BF4B-00C04F79EFBC}") = "cwiczenie_9", "..\cwiczenie_9\cwiczenie_9.csproj", "{3FA3F7F9-2542-402B-86AD-6BA09F68A1AA}"
EndProject
Project("{FAE04EC0-301F-11D3-BF4B-00C04F79EFBC}") = "cwiczenie_10", "..\cwiczenie_10\cwiczenie_10.csproj", "{20509865-C347-4C92-BE20-1103861413E3}"
EndProject
Global
	GlobalSection(SolutionConfigurationPlatforms) = preSolution
		Debug|Any CPU = Debug|Any CPU
		Release|Any CPU = Release|Any CPU
	EndGlobalSection
	GlobalSection(ProjectConfigurationPlatforms) = postSolution
		{55973EDE-2B1C-4257-A091-A50CB2C94BDC}.Debug|Any CPU.ActiveCfg = Debug|Any CPU
		{55973EDE-2B1C-4257-A091-A50CB2C94BDC}.Debug|Any CPU.Build.0 = Debug|Any CPU
		{55973EDE-2B1C-4257-A091-A50CB2C94BDC}.Release|Any CPU.ActiveCfg = Release|Any CPU
		{55973EDE-2B1C-4257-A091-A50CB2C94BDC}.Release|Any CPU.Build.0 = Release|Any CPU
		{3EA49D1E-48A8-441B-BA08-B3AE19085BB6}.Debug|Any CPU.ActiveCfg = Debug|Any CPU
		{3EA49D1E-48A8-441B-BA08-B3AE19085BB6}.Debug|Any CPU.Build.0 = Debug|Any CPU
		{3EA49D1E-48A8-441B-BA08-B3AE19085BB6}.Release|Any CPU.ActiveCfg = Release|Any CPU
		{3EA49D1E-48A8-441B-BA08-B3AE19085BB6}.Release|Any CPU.Build.0 = Release|Any CPU
		{B51E9411-5B81-46CC-9762-2A6D294BBD0F}.Debug|Any CPU.ActiveCfg = Debug|Any CPU
		{B51E9411-5B81-46CC-9762-2A6D294BBD0F}.Debug|Any CPU.Build.0 = Debug|Any CPU
		{B51E9411-5B81-46CC-9762-2A6D294BBD0F}.Release|Any CPU.ActiveCfg = Release|Any CPU
		{B51E9411-5B81-46CC-9762-2A6D294BBD0F}.Release|Any CPU.Build.0 = Release|Any CPU
		{83A5176B-8843-4DF3-93CD-4DB23060D7F9}.Debug|Any CPU.ActiveCfg = Debug|Any CPU
		{83A5176B-8843-4DF3-93CD-4DB23060D7F9}.Debug|Any CPU.Build.0 = Debug|Any CPU
		{83A5176B-8843-4DF3-93CD-4DB23060D7F9}.Release|Any CPU.ActiveCfg = Release|Any CPU
		{83A5176B-8843-4DF3-93CD-4DB23060D7F9}.Release|Any CPU.Build.0 = Release|Any CPU
		{C930B397-717E-45FC-BC8A-2ACD5A1829AF}.Debug|Any CPU.ActiveCfg = Debug|Any CPU
		{C930B397-717E-45FC-BC8A-2ACD5A1829AF}.Debug|Any CPU.Build.0 = Debug|Any CPU
		{C930B397-717E-45FC-BC8A-2ACD5A1829AF}.Release|Any CPU.ActiveCfg = Release|Any CPU
		{C930B397-717E-45FC-BC8A-2ACD5A1829AF}.Release|Any CPU.Build.0 = Release|Any CPU
		{0450CCD5-7189-49D9-941B-10429204BE71}.Debug|Any CPU.ActiveCfg = Debug|Any CPU
		{0450CCD5-7189-49D9-941B-10429204BE71}.Debug|Any CPU.Build.0 = Debug|Any CPU
		{0450CCD5-7189-49D9-941B-10429204BE71}.Release|Any CPU.ActiveCfg = Release|Any CPU
		{0450CCD5-7189-49D9-941B-10429204BE71}.Release|Any CPU.Build.0 = Release|Any CPU
		{0AF750D1-44A9-4E8C-AB27-7B586C8FDFB8}.Debug|Any CPU.ActiveCfg = Debug|Any CPU
		{0AF750D1-44A9-4E8C-AB27-7B586C8FDFB8}.Debug|Any CPU.Build.0 = Debug|Any CPU
		{0AF750D1-44A9-4E8C-AB27-7B586C8FDFB8}.Release|Any CPU.ActiveCfg = Release|Any CPU
		{0AF750D1-44A9-4E8C-AB27-7B586C8FDFB8}.Release|Any CPU.Build.0 = Release|Any CPU
		{35FCCB51-7CC4-4BCA-B460-B424ED15C4AA}.Debug|Any CPU.ActiveCfg = Debug|Any CPU
		{35FCCB51-7CC4-4BCA-B460-B424ED15C4AA}.Debug|Any CPU.Build.0 = Debug|Any CPU
		{35FCCB51-7CC4-4BCA-B460-B424ED15C4AA}.Release|Any CPU.ActiveCfg = Release|Any CPU
		{35FCCB51-7CC4-4BCA-B460-B424ED15C4AA}.Release|Any CPU.Build.0 = Release|Any CPU
		{3FA3F7F9-2542-402B-86AD-6BA09F68A1AA}.Debug|Any CPU.ActiveCfg = Debug|Any CPU
		{3FA3F7F9-2542-402B-86AD-6BA09F68A1AA}.Debug|Any CPU.Build.0 = Debug|Any CPU
		{3FA3F7F9-2542-402B-86AD-6BA09F68A1AA}.Release|Any CPU.ActiveCfg = Release|Any CPU
		{3FA3F7F9-2542-402B-86AD-6BA09F68A1AA}.Release|Any CPU.Build.0 = Release|Any CPU
		{20509865-C347-4C92-BE20-1103861413E3}.Debug|Any CPU.ActiveCfg = Debug|Any CPU
		{20509865-C347-4C92-BE20-1103861413E3}.Debug|Any CPU.Build.0 = Debug|Any CPU
		{20509865-C347-4C92-BE20-1103861413E3}.Release|Any CPU.ActiveCfg = Release|Any CPU
		{20509865-C347-4C92-BE20-1103861413E3}.Release|Any CPU.Build.0 = Release|Any CPU
	EndGlobalSection
	GlobalSection(SolutionProperties) = preSolution
		HideSolutionNode = FALSE
	EndGlobalSection
	GlobalSection(ExtensibilityGlobals) = postSolution
		SolutionGuid = {7B2CC719-C6D7-4C7C-B231-0396ED38232F}
	EndGlobalSection
EndGlobal
